
Microsoft Visual Studio Solution File, Format Version 12.00
# Visual Studio Version 16
VisualStudioVersion = 16.0.32602.291
MinimumVisualStudioVersion = 10.0.40219.1
Project("{9A19103F-16F7-4668-BE54-9A1E7A4F7556}") = "MyTetris", "MyTetris\MyTetris.csproj", "{73246449-A649-413C-A485-6D33BDD81FAA}"
EndProject
Project("{2150E333-8FDC-42A3-9474-1A3956D46DE8}") = "Solution Items", "Solution Items", "{14D0D272-1453-4497-B018-E9914F20E707}"
	ProjectSection(SolutionItems) = preProject
		.editorconfig = .editorconfig
	EndProjectSection
EndProject
Project("{9A19103F-16F7-4668-BE54-9A1E7A4F7556}") = "Collections", "Collections\Collections.csproj", "{6F0CEE12-090D-4100-AFF6-2E7F748A4BC1}"
EndProject
Project("{FAE04EC0-301F-11D3-BF4B-00C04F79EFBC}") = "Enums", "Enums\Enums.csproj", "{3421FEF0-5EA4-4DE8-9CEE-DE68E618505B}"
EndProject
Global
	GlobalSection(SolutionConfigurationPlatforms) = preSolution
		Debug|Any CPU = Debug|Any CPU
		Release|Any CPU = Release|Any CPU
	EndGlobalSection
	GlobalSection(ProjectConfigurationPlatforms) = postSolution
		{73246449-A649-413C-A485-6D33BDD81FAA}.Debug|Any CPU.ActiveCfg = Debug|Any CPU
		{73246449-A649-413C-A485-6D33BDD81FAA}.Debug|Any CPU.Build.0 = Debug|Any CPU
		{73246449-A649-413C-A485-6D33BDD81FAA}.Release|Any CPU.ActiveCfg = Release|Any CPU
		{73246449-A649-413C-A485-6D33BDD81FAA}.Release|Any CPU.Build.0 = Release|Any CPU
		{6F0CEE12-090D-4100-AFF6-2E7F748A4BC1}.Debug|Any CPU.ActiveCfg = Debug|Any CPU
		{6F0CEE12-090D-4100-AFF6-2E7F748A4BC1}.Debug|Any CPU.Build.0 = Debug|Any CPU
		{6F0CEE12-090D-4100-AFF6-2E7F748A4BC1}.Release|Any CPU.ActiveCfg = Release|Any CPU
		{6F0CEE12-090D-4100-AFF6-2E7F748A4BC1}.Release|Any CPU.Build.0 = Release|Any CPU
		{3421FEF0-5EA4-4DE8-9CEE-DE68E618505B}.Debug|Any CPU.ActiveCfg = Debug|Any CPU
		{3421FEF0-5EA4-4DE8-9CEE-DE68E618505B}.Debug|Any CPU.Build.0 = Debug|Any CPU
		{3421FEF0-5EA4-4DE8-9CEE-DE68E618505B}.Release|Any CPU.ActiveCfg = Release|Any CPU
		{3421FEF0-5EA4-4DE8-9CEE-DE68E618505B}.Release|Any CPU.Build.0 = Release|Any CPU
	EndGlobalSection
	GlobalSection(SolutionProperties) = preSolution
		HideSolutionNode = FALSE
	EndGlobalSection
	GlobalSection(ExtensibilityGlobals) = postSolution
		SolutionGuid = {54B16F98-C13D-4E63-A4D4-D7B96A823164}
	EndGlobalSection
EndGlobal
